
Microsoft Visual Studio Solution File, Format Version 12.00
# Visual Studio Version 17
VisualStudioVersion = 17.12.35514.174 d17.12
MinimumVisualStudioVersion = 10.0.40219.1
Project("{FAE04EC0-301F-11D3-BF4B-00C04F79EFBC}") = "Store.API", "Store\Store.API.csproj", "{340771F6-5759-49B7-A68A-637634945A37}"
EndProject
Project("{FAE04EC0-301F-11D3-BF4B-00C04F79EFBC}") = "Store.Service", "Store.Service\Store.Service.csproj", "{DFA8907A-9F93-4FC8-85DE-1F5C312C8C65}"
EndProject
Project("{FAE04EC0-301F-11D3-BF4B-00C04F79EFBC}") = "Store.Repository", "Store.Repository\Store.Repository.csproj", "{01F4F3A3-6752-4B2F-8DE8-1400A611EC3E}"
EndProject
Project("{2150E333-8FDC-42A3-9474-1A3956D46DE8}") = "Solution Items", "Solution Items", "{6BFF09A9-8009-43C6-88A0-FB3D48DA8040}"
	ProjectSection(SolutionItems) = preProject
		README.md = README.md
	EndProjectSection
EndProject
Global
	GlobalSection(SolutionConfigurationPlatforms) = preSolution
		Debug|Any CPU = Debug|Any CPU
		Release|Any CPU = Release|Any CPU
	EndGlobalSection
	GlobalSection(ProjectConfigurationPlatforms) = postSolution
		{340771F6-5759-49B7-A68A-637634945A37}.Debug|Any CPU.ActiveCfg = Debug|Any CPU
		{340771F6-5759-49B7-A68A-637634945A37}.Debug|Any CPU.Build.0 = Debug|Any CPU
		{340771F6-5759-49B7-A68A-637634945A37}.Release|Any CPU.ActiveCfg = Release|Any CPU
		{340771F6-5759-49B7-A68A-637634945A37}.Release|Any CPU.Build.0 = Release|Any CPU
		{DFA8907A-9F93-4FC8-85DE-1F5C312C8C65}.Debug|Any CPU.ActiveCfg = Debug|Any CPU
		{DFA8907A-9F93-4FC8-85DE-1F5C312C8C65}.Debug|Any CPU.Build.0 = Debug|Any CPU
		{DFA8907A-9F93-4FC8-85DE-1F5C312C8C65}.Release|Any CPU.ActiveCfg = Release|Any CPU
		{DFA8907A-9F93-4FC8-85DE-1F5C312C8C65}.Release|Any CPU.Build.0 = Release|Any CPU
		{01F4F3A3-6752-4B2F-8DE8-1400A611EC3E}.Debug|Any CPU.ActiveCfg = Debug|Any CPU
		{01F4F3A3-6752-4B2F-8DE8-1400A611EC3E}.Debug|Any CPU.Build.0 = Debug|Any CPU
		{01F4F3A3-6752-4B2F-8DE8-1400A611EC3E}.Release|Any CPU.ActiveCfg = Release|Any CPU
		{01F4F3A3-6752-4B2F-8DE8-1400A611EC3E}.Release|Any CPU.Build.0 = Release|Any CPU
	EndGlobalSection
	GlobalSection(SolutionProperties) = preSolution
		HideSolutionNode = FALSE
	EndGlobalSection
EndGlobal
